
Microsoft Visual Studio Solution File, Format Version 12.00
# Visual Studio Version 17
VisualStudioVersion = 17.10.35122.118
MinimumVisualStudioVersion = 10.0.40219.1
Project("{9A19103F-16F7-4668-BE54-9A1E7A4F7556}") = "MOProject", "MOProject\MOProject.csproj", "{6F2DADBB-BCFA-4708-A7E5-74277CA7E90E}"
EndProject
Global
	GlobalSection(SolutionConfigurationPlatforms) = preSolution
		Debug|Any CPU = Debug|Any CPU
		Release|Any CPU = Release|Any CPU
	EndGlobalSection
	GlobalSection(ProjectConfigurationPlatforms) = postSolution
		{6F2DADBB-BCFA-4708-A7E5-74277CA7E90E}.Debug|Any CPU.ActiveCfg = Debug|Any CPU
		{6F2DADBB-BCFA-4708-A7E5-74277CA7E90E}.Debug|Any CPU.Build.0 = Debug|Any CPU
		{6F2DADBB-BCFA-4708-A7E5-74277CA7E90E}.Release|Any CPU.ActiveCfg = Release|Any CPU
		{6F2DADBB-BCFA-4708-A7E5-74277CA7E90E}.Release|Any CPU.Build.0 = Release|Any CPU
	EndGlobalSection
	GlobalSection(SolutionProperties) = preSolution
		HideSolutionNode = FALSE
	EndGlobalSection
	GlobalSection(ExtensibilityGlobals) = postSolution
		SolutionGuid = {861025C2-568C-4164-A40B-78A166979455}
	EndGlobalSection
EndGlobal
